
Microsoft Visual Studio Solution File, Format Version 12.00
# Visual Studio 2012
Project("{8BC9CEB8-8B4A-11D0-8D11-00A0C91BC942}") = "SDL_GUI", "SDL_GUI\SDL_GUI.vcxproj", "{0A2281B9-2C08-4084-8162-EA641C43AE72}"
EndProject
Global
	GlobalSection(SolutionConfigurationPlatforms) = preSolution
		Debug|Win32 = Debug|Win32
		Release|Win32 = Release|Win32
	EndGlobalSection
	GlobalSection(ProjectConfigurationPlatforms) = postSolution
		{0A2281B9-2C08-4084-8162-EA641C43AE72}.Debug|Win32.ActiveCfg = Debug|Win32
		{0A2281B9-2C08-4084-8162-EA641C43AE72}.Debug|Win32.Build.0 = Debug|Win32
		{0A2281B9-2C08-4084-8162-EA641C43AE72}.Release|Win32.ActiveCfg = Release|Win32
		{0A2281B9-2C08-4084-8162-EA641C43AE72}.Release|Win32.Build.0 = Release|Win32
	EndGlobalSection
	GlobalSection(SolutionProperties) = preSolution
		HideSolutionNode = FALSE
	EndGlobalSection
EndGlobal
